# THIS IS AN AUTOGENERATED FILE. DO NOT EDIT THIS FILE DIRECTLY.
# yarn lockfile v1


satellite.js@^5.0.0:
  version "5.0.0"
  resolved "https://registry.yarnpkg.com/satellite.js/-/satellite.js-5.0.0.tgz#9db39c7c6f202d3486fb7b9da072d023d8ec0a63"
  integrity sha512-ie3yiJ2LJAJIhVUKdYhgp7V0btXKAMImDjRnuaNfJGl8rjwP2HwVIh4HLFcpiXYEiYwXc5fqh5+yZqCe6KIwWw==
